
Microsoft Visual Studio Solution File, Format Version 12.00
# Visual Studio Version 16
VisualStudioVersion = 16.0.28803.202
MinimumVisualStudioVersion = 10.0.40219.1
Project("{FAE04EC0-301F-11D3-BF4B-00C04F79EFBC}") = "Biblioteka_bazyDanych", "Biblioteka_bazyDanych\Biblioteka_bazyDanych.csproj", "{A33C0ED1-FAF5-4C13-A6AA-F830AE69A9DC}"
EndProject
Global
	GlobalSection(SolutionConfigurationPlatforms) = preSolution
		Debug|Any CPU = Debug|Any CPU
		Release|Any CPU = Release|Any CPU
	EndGlobalSection
	GlobalSection(ProjectConfigurationPlatforms) = postSolution
		{A33C0ED1-FAF5-4C13-A6AA-F830AE69A9DC}.Debug|Any CPU.ActiveCfg = Debug|Any CPU
		{A33C0ED1-FAF5-4C13-A6AA-F830AE69A9DC}.Debug|Any CPU.Build.0 = Debug|Any CPU
		{A33C0ED1-FAF5-4C13-A6AA-F830AE69A9DC}.Release|Any CPU.ActiveCfg = Release|Any CPU
		{A33C0ED1-FAF5-4C13-A6AA-F830AE69A9DC}.Release|Any CPU.Build.0 = Release|Any CPU
	EndGlobalSection
	GlobalSection(SolutionProperties) = preSolution
		HideSolutionNode = FALSE
	EndGlobalSection
	GlobalSection(ExtensibilityGlobals) = postSolution
		SolutionGuid = {E801FA01-D5F9-49C9-87BA-874BB2157456}
	EndGlobalSection
EndGlobal
